// !$*UTF8*$!
{
	archiveVersion = 1;
	classes = {
	};
	objectVersion = 46;
	objects = {

/* Begin PBXFileReference section */
		0C3889861E10AF1400016AD8 /* hash.c */ = {isa = PBXFileReference; lastKnownFileType = sourcecode.c.c; path = hash.c; sourceTree = "<group>"; };
		0C838F851E095897000E5EB9 /* main.c */ = {isa = PBXFileReference; lastKnownFileType = sourcecode.c.c; path = main.c; sourceTree = "<group>"; };
/* End PBXFileReference section */

/* Begin PBXGroup section */
		0C838F7E1E095877000E5EB9 = {
			isa = PBXGroup;
			children = (
				0C838F851E095897000E5EB9 /* main.c */,
				0C3889861E10AF1400016AD8 /* hash.c */,
			);
			sourceTree = "<group>";
		};
/* End PBXGroup section */

/* Begin PBXProject section */
		0C838F7F1E095877000E5EB9 /* Project object */ = {
			isa = PBXProject;
			attributes = {
				LastUpgradeCheck = 0820;
			};
			buildConfigurationList = 0C838F821E095877000E5EB9 /* Build configuration list for PBXProject "TrabalhoPaulo" */;
			compatibilityVersion = "Xcode 3.2";
			developmentRegion = English;
			hasScannedForEncodings = 0;
			knownRegions = (
				en,
			);
			mainGroup = 0C838F7E1E095877000E5EB9;
			projectDirPath = "";
			projectRoot = "";
			targets = (
			);
		};
/* End PBXProject section */

/* Begin XCBuildConfiguration section */
		0C838F831E095877000E5EB9 /* Debug */ = {
			isa = XCBuildConfiguration;
			buildSettings = {
			};
			name = Debug;
		};
		0C838F841E095877000E5EB9 /* Release */ = {
			isa = XCBuildConfiguration;
			buildSettings = {
			};
			name = Release;
		};
/* End XCBuildConfiguration section */

/* Begin XCConfigurationList section */
		0C838F821E095877000E5EB9 /* Build configuration list for PBXProject "TrabalhoPaulo" */ = {
			isa = XCConfigurationList;
			buildConfigurations = (
				0C838F831E095877000E5EB9 /* Debug */,
				0C838F841E095877000E5EB9 /* Release */,
			);
			defaultConfigurationIsVisible = 0;
			defaultConfigurationName = Release;
		};
/* End XCConfigurationList section */
	};
	rootObject = 0C838F7F1E095877000E5EB9 /* Project object */;
}
